
Microsoft Visual Studio Solution File, Format Version 12.00
# Visual Studio Version 17
VisualStudioVersion = 17.2.32526.322
MinimumVisualStudioVersion = 10.0.40219.1
Project("{FAE04EC0-301F-11D3-BF4B-00C04F79EFBC}") = "Excitel", "WebApplication1\Excitel.csproj", "{6A43815D-61AF-4385-ACF6-20C765F4AA0D}"
EndProject
Global
	GlobalSection(SolutionConfigurationPlatforms) = preSolution
		Debug|Any CPU = Debug|Any CPU
		Release|Any CPU = Release|Any CPU
	EndGlobalSection
	GlobalSection(ProjectConfigurationPlatforms) = postSolution
		{6A43815D-61AF-4385-ACF6-20C765F4AA0D}.Debug|Any CPU.ActiveCfg = Debug|Any CPU
		{6A43815D-61AF-4385-ACF6-20C765F4AA0D}.Debug|Any CPU.Build.0 = Debug|Any CPU
		{6A43815D-61AF-4385-ACF6-20C765F4AA0D}.Release|Any CPU.ActiveCfg = Release|Any CPU
		{6A43815D-61AF-4385-ACF6-20C765F4AA0D}.Release|Any CPU.Build.0 = Release|Any CPU
	EndGlobalSection
	GlobalSection(SolutionProperties) = preSolution
		HideSolutionNode = FALSE
	EndGlobalSection
	GlobalSection(ExtensibilityGlobals) = postSolution
		SolutionGuid = {F32754F6-FCE6-454F-9610-43DECC39C25E}
	EndGlobalSection
EndGlobal
